{
    "version": 3,
    "terraform_version": "0.8.5",
    "serial": 8,
    "lineage": "92e23c2e-3d8a-4510-a4b7-f74ec47577eb",
    "modules": [
        {
            "path": [
                "root"
            ],
            "outputs": {},
            "resources": {
                "aws_elb.kubernetes-elb": {
                    "type": "aws_elb",
                    "depends_on": [
                        "aws_security_group.kubernetes-securitygroup",
                        "aws_subnet.kubernetes-public-1"
                    ],
                    "primary": {
                        "id": "kubernetes",
                        "attributes": {
                            "access_logs.#": "0",
                            "availability_zones.#": "1",
                            "availability_zones.3953592328": "eu-west-1a",
                            "connection_draining": "false",
                            "connection_draining_timeout": "300",
                            "cross_zone_load_balancing": "true",
                            "dns_name": "kubernetes-987730281.eu-west-1.elb.amazonaws.com",
                            "health_check.#": "1",
                            "health_check.0.healthy_threshold": "10",
                            "health_check.0.interval": "30",
                            "health_check.0.target": "TCP:6443",
                            "health_check.0.timeout": "5",
                            "health_check.0.unhealthy_threshold": "2",
                            "id": "kubernetes",
                            "idle_timeout": "60",
                            "instances.#": "0",
                            "internal": "false",
                            "listener.#": "1",
                            "listener.3838681924.instance_port": "6443",
                            "listener.3838681924.instance_protocol": "tcp",
                            "listener.3838681924.lb_port": "6443",
                            "listener.3838681924.lb_protocol": "tcp",
                            "listener.3838681924.ssl_certificate_id": "",
                            "name": "kubernetes",
                            "security_groups.#": "1",
                            "security_groups.1237254431": "sg-47fdce21",
                            "source_security_group": "810905322061/kubernetes-securitygroup",
                            "source_security_group_id": "sg-47fdce21",
                            "subnets.#": "1",
                            "subnets.1473563415": "subnet-8a0747d2",
                            "tags.%": "1",
                            "tags.Name": "kubernetes",
                            "zone_id": "Z32O12XQLNTSW2"
                        },
                        "meta": {},
                        "tainted": false
                    },
                    "deposed": [],
                    "provider": ""
                },
                "aws_iam_instance_profile.kubernetes-instance-profile": {
                    "type": "aws_iam_instance_profile",
                    "depends_on": [
                        "aws_iam_role.kubernetes-ec2-role"
                    ],
                    "primary": {
                        "id": "kubernetes",
                        "attributes": {
                            "arn": "arn:aws:iam::810905322061:instance-profile/kubernetes",
                            "id": "kubernetes",
                            "name": "kubernetes",
                            "path": "/",
                            "roles.#": "1",
                            "roles.1693731085": "kubernetes-ec2-role"
                        },
                        "meta": {},
                        "tainted": false
                    },
                    "deposed": [],
                    "provider": ""
                },
                "aws_iam_policy.kubernetes-iam-policy": {
                    "type": "aws_iam_policy",
                    "depends_on": [
                        "data.aws_iam_policy_document.kubernetes-iam-policy-document"
                    ],
                    "primary": {
                        "id": "arn:aws:iam::810905322061:policy/kubernetes",
                        "attributes": {
                            "arn": "arn:aws:iam::810905322061:policy/kubernetes",
                            "id": "arn:aws:iam::810905322061:policy/kubernetes",
                            "name": "kubernetes",
                            "path": "/",
                            "policy": "{\n  \"Version\": \"2012-10-17\",\n  \"Statement\": [\n    {\n      \"Sid\": \"1\",\n      \"Effect\": \"Allow\",\n      \"Action\": [\n        \"route53:*\",\n        \"elasticloadbalancing:*\",\n        \"ecr:*\",\n        \"ec2:*\"\n      ],\n      \"Resource\": \"*\"\n    }\n  ]\n}"
                        },
                        "meta": {},
                        "tainted": false
                    },
                    "deposed": [],
                    "provider": ""
                },
                "aws_iam_policy_attachment.kubernetes-policy-attach": {
                    "type": "aws_iam_policy_attachment",
                    "depends_on": [
                        "aws_iam_policy.kubernetes-iam-policy",
                        "aws_iam_role.kubernetes-ec2-role"
                    ],
                    "primary": {
                        "id": "kubernetes",
                        "attributes": {
                            "groups.#": "0",
                            "id": "kubernetes",
                            "name": "kubernetes",
                            "policy_arn": "arn:aws:iam::810905322061:policy/kubernetes",
                            "roles.#": "1",
                            "roles.1693731085": "kubernetes-ec2-role",
                            "users.#": "0"
                        },
                        "meta": {},
                        "tainted": false
                    },
                    "deposed": [],
                    "provider": ""
                },
                "aws_iam_role.kubernetes-ec2-role": {
                    "type": "aws_iam_role",
                    "depends_on": [],
                    "primary": {
                        "id": "kubernetes-ec2-role",
                        "attributes": {
                            "arn": "arn:aws:iam::810905322061:role/kubernetes-ec2-role",
                            "assume_role_policy": "{\"Version\":\"2012-10-17\",\"Statement\":[{\"Sid\":\"\",\"Effect\":\"Allow\",\"Principal\":{\"Service\":\"ec2.amazonaws.com\"},\"Action\":\"sts:AssumeRole\"}]}",
                            "create_date": "2017-02-08T20:48:36Z",
                            "id": "kubernetes-ec2-role",
                            "name": "kubernetes-ec2-role",
                            "path": "/",
                            "unique_id": "AROAJWHCWZOYJFSKIMMPC"
                        },
                        "meta": {},
                        "tainted": false
                    },
                    "deposed": [],
                    "provider": ""
                },
                "aws_instance.kubernetes_controllers.0": {
                    "type": "aws_instance",
                    "depends_on": [
                        "aws_iam_instance_profile.kubernetes-instance-profile",
                        "aws_key_pair.kubernetes_ec2_key",
                        "aws_security_group.kubernetes-securitygroup",
                        "aws_subnet.kubernetes-public-1"
                    ],
                    "primary": {
                        "id": "i-0bdfa6a8131624ce8",
                        "attributes": {
                            "ami": "ami-98ecb7fe",
                            "associate_public_ip_address": "true",
                            "availability_zone": "eu-west-1a",
                            "disable_api_termination": "false",
                            "ebs_block_device.#": "0",
                            "ebs_optimized": "false",
                            "ephemeral_block_device.#": "0",
                            "iam_instance_profile": "kubernetes",
                            "id": "i-0bdfa6a8131624ce8",
                            "instance_state": "running",
                            "instance_type": "t2.micro",
                            "key_name": "kubernetes_ec2_key",
                            "monitoring": "false",
                            "network_interface_id": "eni-eaa8d9ba",
                            "private_dns": "ip-10-240-0-10.eu-west-1.compute.internal",
                            "private_ip": "10.240.0.10",
                            "public_dns": "ec2-34-249-24-158.eu-west-1.compute.amazonaws.com",
                            "public_ip": "34.249.24.158",
                            "root_block_device.#": "1",
                            "root_block_device.0.delete_on_termination": "true",
                            "root_block_device.0.iops": "100",
                            "root_block_device.0.volume_size": "8",
                            "root_block_device.0.volume_type": "gp2",
                            "security_groups.#": "0",
                            "source_dest_check": "false",
                            "subnet_id": "subnet-8a0747d2",
                            "tags.%": "1",
                            "tags.Name": "controller0",
                            "tenancy": "default",
                            "vpc_security_group_ids.#": "1",
                            "vpc_security_group_ids.1237254431": "sg-47fdce21"
                        },
                        "meta": {
                            "schema_version": "1"
                        },
                        "tainted": false
                    },
                    "deposed": [],
                    "provider": ""
                },
                "aws_instance.kubernetes_controllers.1": {
                    "type": "aws_instance",
                    "depends_on": [
                        "aws_iam_instance_profile.kubernetes-instance-profile",
                        "aws_key_pair.kubernetes_ec2_key",
                        "aws_security_group.kubernetes-securitygroup",
                        "aws_subnet.kubernetes-public-1"
                    ],
                    "primary": {
                        "id": "i-015e68b42d829ac54",
                        "attributes": {
                            "ami": "ami-98ecb7fe",
                            "associate_public_ip_address": "true",
                            "availability_zone": "eu-west-1a",
                            "disable_api_termination": "false",
                            "ebs_block_device.#": "0",
                            "ebs_optimized": "false",
                            "ephemeral_block_device.#": "0",
                            "iam_instance_profile": "kubernetes",
                            "id": "i-015e68b42d829ac54",
                            "instance_state": "running",
                            "instance_type": "t2.micro",
                            "key_name": "kubernetes_ec2_key",
                            "monitoring": "false",
                            "network_interface_id": "eni-65a1d035",
                            "private_dns": "ip-10-240-0-11.eu-west-1.compute.internal",
                            "private_ip": "10.240.0.11",
                            "public_dns": "ec2-34-248-214-181.eu-west-1.compute.amazonaws.com",
                            "public_ip": "34.248.214.181",
                            "root_block_device.#": "1",
                            "root_block_device.0.delete_on_termination": "true",
                            "root_block_device.0.iops": "100",
                            "root_block_device.0.volume_size": "8",
                            "root_block_device.0.volume_type": "gp2",
                            "security_groups.#": "0",
                            "source_dest_check": "false",
                            "subnet_id": "subnet-8a0747d2",
                            "tags.%": "1",
                            "tags.Name": "controller1",
                            "tenancy": "default",
                            "vpc_security_group_ids.#": "1",
                            "vpc_security_group_ids.1237254431": "sg-47fdce21"
                        },
                        "meta": {
                            "schema_version": "1"
                        },
                        "tainted": false
                    },
                    "deposed": [],
                    "provider": ""
                },
                "aws_instance.kubernetes_controllers.2": {
                    "type": "aws_instance",
                    "depends_on": [
                        "aws_iam_instance_profile.kubernetes-instance-profile",
                        "aws_key_pair.kubernetes_ec2_key",
                        "aws_security_group.kubernetes-securitygroup",
                        "aws_subnet.kubernetes-public-1"
                    ],
                    "primary": {
                        "id": "i-0db9eb2110d566e05",
                        "attributes": {
                            "ami": "ami-98ecb7fe",
                            "associate_public_ip_address": "true",
                            "availability_zone": "eu-west-1a",
                            "disable_api_termination": "false",
                            "ebs_block_device.#": "0",
                            "ebs_optimized": "false",
                            "ephemeral_block_device.#": "0",
                            "iam_instance_profile": "kubernetes",
                            "id": "i-0db9eb2110d566e05",
                            "instance_state": "running",
                            "instance_type": "t2.micro",
                            "key_name": "kubernetes_ec2_key",
                            "monitoring": "false",
                            "network_interface_id": "eni-a8a5d4f8",
                            "private_dns": "ip-10-240-0-12.eu-west-1.compute.internal",
                            "private_ip": "10.240.0.12",
                            "public_dns": "ec2-34-248-164-60.eu-west-1.compute.amazonaws.com",
                            "public_ip": "34.248.164.60",
                            "root_block_device.#": "1",
                            "root_block_device.0.delete_on_termination": "true",
                            "root_block_device.0.iops": "100",
                            "root_block_device.0.volume_size": "8",
                            "root_block_device.0.volume_type": "gp2",
                            "security_groups.#": "0",
                            "source_dest_check": "false",
                            "subnet_id": "subnet-8a0747d2",
                            "tags.%": "1",
                            "tags.Name": "controller2",
                            "tenancy": "default",
                            "vpc_security_group_ids.#": "1",
                            "vpc_security_group_ids.1237254431": "sg-47fdce21"
                        },
                        "meta": {
                            "schema_version": "1"
                        },
                        "tainted": false
                    },
                    "deposed": [],
                    "provider": ""
                },
                "aws_internet_gateway.kubernetes-gw": {
                    "type": "aws_internet_gateway",
                    "depends_on": [
                        "aws_vpc.kubernetes"
                    ],
                    "primary": {
                        "id": "igw-255cf341",
                        "attributes": {
                            "id": "igw-255cf341",
                            "tags.%": "1",
                            "tags.Name": "kubernetes",
                            "vpc_id": "vpc-588abc3c"
                        },
                        "meta": {},
                        "tainted": false
                    },
                    "deposed": [],
                    "provider": ""
                },
                "aws_key_pair.kubernetes_ec2_key": {
                    "type": "aws_key_pair",
                    "depends_on": [],
                    "primary": {
                        "id": "kubernetes_ec2_key",
                        "attributes": {
                            "fingerprint": "ee:99:ff:ff:0b:b6:7c:d8:ea:40:6d:24:66:6e:67:6d",
                            "id": "kubernetes_ec2_key",
                            "key_name": "kubernetes_ec2_key",
                            "public_key": "ssh-rsa AAAAB3NzaC1yc2EAAAADAQABAAABAQCon1bZRKrOGNpK1LvyfHCi1kGVURluyGGIqMP3J75HyQdVQJ6gdl2VNm8Ulm/tcKsnM1/2KMBRi4tM3VeL5FRgv/XSvk5+oJRCRDj7Nm+eQevuOGTaslBqyNUT+nPJcM811R4iBevRIckjMbgHPYr1rvm+7YLQEnHZD13Sgp9mDwdz0SvgYWna5YCicFVn4JxAcliTdTr+3zCQn6o+tdCBnwOa3Q97yTJD5jSDMJFvNe5KgVxcRj2vDy0IuIAnvtlZDd147iQpKRQ0HL8my4ed2aAztbgSkuOxGmSLKswlJPN9bR1cb/nMXOQ8SPRRvXvkupN6vRB4Km++nI+/47i5 pauldailly@MTT-C02MJ2E2FH04"
                        },
                        "meta": {
                            "schema_version": "1"
                        },
                        "tainted": false
                    },
                    "deposed": [],
                    "provider": ""
                },
                "aws_route_table.kubernetes-public": {
                    "type": "aws_route_table",
                    "depends_on": [
                        "aws_internet_gateway.kubernetes-gw",
                        "aws_vpc.kubernetes"
                    ],
                    "primary": {
                        "id": "rtb-210ec746",
                        "attributes": {
                            "id": "rtb-210ec746",
                            "propagating_vgws.#": "0",
                            "route.#": "1",
                            "route.955700053.cidr_block": "0.0.0.0/0",
                            "route.955700053.gateway_id": "igw-255cf341",
                            "route.955700053.instance_id": "",
                            "route.955700053.nat_gateway_id": "",
                            "route.955700053.network_interface_id": "",
                            "route.955700053.vpc_peering_connection_id": "",
                            "tags.%": "1",
                            "tags.Name": "kubernetes-public-1",
                            "vpc_id": "vpc-588abc3c"
                        },
                        "meta": {},
                        "tainted": false
                    },
                    "deposed": [],
                    "provider": ""
                },
                "aws_route_table_association.kubernetes-public-1": {
                    "type": "aws_route_table_association",
                    "depends_on": [
                        "aws_route_table.kubernetes-public",
                        "aws_subnet.kubernetes-public-1"
                    ],
                    "primary": {
                        "id": "rtbassoc-81f1f2e6",
                        "attributes": {
                            "id": "rtbassoc-81f1f2e6",
                            "route_table_id": "rtb-210ec746",
                            "subnet_id": "subnet-8a0747d2"
                        },
                        "meta": {},
                        "tainted": false
                    },
                    "deposed": [],
                    "provider": ""
                },
                "aws_security_group.kubernetes-securitygroup": {
                    "type": "aws_security_group",
                    "depends_on": [
                        "aws_vpc.kubernetes"
                    ],
                    "primary": {
                        "id": "sg-47fdce21",
                        "attributes": {
                            "description": "security group that allows ssh and all egress traffic",
                            "egress.#": "0",
                            "id": "sg-47fdce21",
                            "ingress.#": "3",
                            "ingress.1463360607.cidr_blocks.#": "1",
                            "ingress.1463360607.cidr_blocks.0": "0.0.0.0/0",
                            "ingress.1463360607.from_port": "6443",
                            "ingress.1463360607.protocol": "tcp",
                            "ingress.1463360607.security_groups.#": "0",
                            "ingress.1463360607.self": "false",
                            "ingress.1463360607.to_port": "6443",
                            "ingress.164085576.cidr_blocks.#": "1",
                            "ingress.164085576.cidr_blocks.0": "10.240.0.0/16",
                            "ingress.164085576.from_port": "0",
                            "ingress.164085576.protocol": "-1",
                            "ingress.164085576.security_groups.#": "0",
                            "ingress.164085576.self": "true",
                            "ingress.164085576.to_port": "0",
                            "ingress.2541437006.cidr_blocks.#": "1",
                            "ingress.2541437006.cidr_blocks.0": "0.0.0.0/0",
                            "ingress.2541437006.from_port": "22",
                            "ingress.2541437006.protocol": "tcp",
                            "ingress.2541437006.security_groups.#": "0",
                            "ingress.2541437006.self": "false",
                            "ingress.2541437006.to_port": "22",
                            "name": "kubernetes-securitygroup",
                            "owner_id": "810905322061",
                            "tags.%": "1",
                            "tags.Name": "kubernetes-securitygroup",
                            "vpc_id": "vpc-588abc3c"
                        },
                        "meta": {},
                        "tainted": false
                    },
                    "deposed": [],
                    "provider": ""
                },
                "aws_security_group_rule.allow_access_from_this_security_group": {
                    "type": "aws_security_group_rule",
                    "depends_on": [
                        "aws_security_group.kubernetes-securitygroup"
                    ],
                    "primary": {
                        "id": "sgrule-2776998464",
                        "attributes": {
                            "cidr_blocks.#": "0",
                            "from_port": "0",
                            "id": "sgrule-2776998464",
                            "prefix_list_ids.#": "0",
                            "protocol": "-1",
                            "security_group_id": "sg-47fdce21",
                            "self": "false",
                            "source_security_group_id": "sg-47fdce21",
                            "to_port": "65535",
                            "type": "ingress"
                        },
                        "meta": {
                            "schema_version": "2"
                        },
                        "tainted": false
                    },
                    "deposed": [],
                    "provider": ""
                },
                "aws_security_group_rule.allow_all": {
                    "type": "aws_security_group_rule",
                    "depends_on": [
                        "aws_security_group.kubernetes-securitygroup"
                    ],
                    "primary": {
                        "id": "sgrule-4180531985",
                        "attributes": {
                            "cidr_blocks.#": "1",
                            "cidr_blocks.0": "10.240.0.0/16",
                            "from_port": "0",
                            "id": "sgrule-4180531985",
                            "prefix_list_ids.#": "0",
                            "protocol": "-1",
                            "security_group_id": "sg-47fdce21",
                            "self": "false",
                            "to_port": "65535",
                            "type": "ingress"
                        },
                        "meta": {
                            "schema_version": "2"
                        },
                        "tainted": false
                    },
                    "deposed": [],
                    "provider": ""
                },
                "aws_security_group_rule.allow_some_kubernetes_access": {
                    "type": "aws_security_group_rule",
                    "depends_on": [
                        "aws_security_group.kubernetes-securitygroup"
                    ],
                    "primary": {
                        "id": "sgrule-3369135763",
                        "attributes": {
                            "cidr_blocks.#": "1",
                            "cidr_blocks.0": "0.0.0.0/0",
                            "from_port": "6443",
                            "id": "sgrule-3369135763",
                            "prefix_list_ids.#": "0",
                            "protocol": "tcp",
                            "security_group_id": "sg-47fdce21",
                            "self": "false",
                            "to_port": "6443",
                            "type": "ingress"
                        },
                        "meta": {
                            "schema_version": "2"
                        },
                        "tainted": false
                    },
                    "deposed": [],
                    "provider": ""
                },
                "aws_security_group_rule.allow_ssh": {
                    "type": "aws_security_group_rule",
                    "depends_on": [
                        "aws_security_group.kubernetes-securitygroup"
                    ],
                    "primary": {
                        "id": "sgrule-92853163",
                        "attributes": {
                            "cidr_blocks.#": "1",
                            "cidr_blocks.0": "0.0.0.0/0",
                            "from_port": "22",
                            "id": "sgrule-92853163",
                            "prefix_list_ids.#": "0",
                            "protocol": "tcp",
                            "security_group_id": "sg-47fdce21",
                            "self": "false",
                            "to_port": "22",
                            "type": "ingress"
                        },
                        "meta": {
                            "schema_version": "2"
                        },
                        "tainted": false
                    },
                    "deposed": [],
                    "provider": ""
                },
                "aws_subnet.kubernetes-public-1": {
                    "type": "aws_subnet",
                    "depends_on": [
                        "aws_vpc.kubernetes"
                    ],
                    "primary": {
                        "id": "subnet-8a0747d2",
                        "attributes": {
                            "availability_zone": "eu-west-1a",
                            "cidr_block": "10.240.0.0/16",
                            "id": "subnet-8a0747d2",
                            "map_public_ip_on_launch": "true",
                            "tags.%": "1",
                            "tags.Name": "kubernetes-public-1",
                            "vpc_id": "vpc-588abc3c"
                        },
                        "meta": {},
                        "tainted": false
                    },
                    "deposed": [],
                    "provider": ""
                },
                "aws_vpc.kubernetes": {
                    "type": "aws_vpc",
                    "depends_on": [],
                    "primary": {
                        "id": "vpc-588abc3c",
                        "attributes": {
                            "cidr_block": "10.240.0.0/16",
                            "default_network_acl_id": "acl-788d7c1f",
                            "default_route_table_id": "rtb-230ec744",
                            "default_security_group_id": "sg-79fdce1f",
                            "dhcp_options_id": "dopt-2a823a4e",
                            "enable_classiclink": "false",
                            "enable_dns_hostnames": "true",
                            "enable_dns_support": "true",
                            "id": "vpc-588abc3c",
                            "instance_tenancy": "default",
                            "main_route_table_id": "rtb-230ec744",
                            "tags.%": "1",
                            "tags.Name": "kubernetes"
                        },
                        "meta": {},
                        "tainted": false
                    },
                    "deposed": [],
                    "provider": ""
                },
                "aws_vpc_dhcp_options.kubernetes": {
                    "type": "aws_vpc_dhcp_options",
                    "depends_on": [],
                    "primary": {
                        "id": "dopt-2a823a4e",
                        "attributes": {
                            "domain_name": "eu-west-1.compute.internal",
                            "id": "dopt-2a823a4e",
                            "tags.%": "1",
                            "tags.Name": "kubernetes"
                        },
                        "meta": {},
                        "tainted": false
                    },
                    "deposed": [],
                    "provider": ""
                },
                "aws_vpc_dhcp_options_association.dns_resolver": {
                    "type": "aws_vpc_dhcp_options_association",
                    "depends_on": [
                        "aws_vpc.kubernetes",
                        "aws_vpc_dhcp_options.kubernetes"
                    ],
                    "primary": {
                        "id": "dopt-2a823a4e-vpc-588abc3c",
                        "attributes": {
                            "dhcp_options_id": "dopt-2a823a4e",
                            "id": "dopt-2a823a4e-vpc-588abc3c",
                            "vpc_id": "vpc-588abc3c"
                        },
                        "meta": {},
                        "tainted": false
                    },
                    "deposed": [],
                    "provider": ""
                },
                "data.aws_iam_policy_document.kubernetes-iam-policy-document": {
                    "type": "aws_iam_policy_document",
                    "depends_on": [],
                    "primary": {
                        "id": "75836476",
                        "attributes": {
                            "id": "75836476",
                            "json": "{\n  \"Version\": \"2012-10-17\",\n  \"Statement\": [\n    {\n      \"Sid\": \"1\",\n      \"Effect\": \"Allow\",\n      \"Action\": [\n        \"route53:*\",\n        \"elasticloadbalancing:*\",\n        \"ecr:*\",\n        \"ec2:*\"\n      ],\n      \"Resource\": \"*\"\n    }\n  ]\n}",
                            "statement.#": "1",
                            "statement.0.actions.#": "4",
                            "statement.0.actions.1250009968": "route53:*",
                            "statement.0.actions.2597799863": "ec2:*",
                            "statement.0.actions.29564810": "ecr:*",
                            "statement.0.actions.3725379174": "elasticloadbalancing:*",
                            "statement.0.condition.#": "0",
                            "statement.0.effect": "Allow",
                            "statement.0.not_actions.#": "0",
                            "statement.0.not_principals.#": "0",
                            "statement.0.not_resources.#": "0",
                            "statement.0.principals.#": "0",
                            "statement.0.resources.#": "1",
                            "statement.0.resources.2679715827": "*",
                            "statement.0.sid": "1"
                        },
                        "meta": {},
                        "tainted": false
                    },
                    "deposed": [],
                    "provider": ""
                }
            },
            "depends_on": []
        }
    ]
}
