{
    "version": 3,
    "terraform_version": "0.8.5",
    "serial": 1,
    "lineage": "92e23c2e-3d8a-4510-a4b7-f74ec47577eb",
    "modules": [
        {
            "path": [
                "root"
            ],
            "outputs": {},
            "resources": {
                "aws_internet_gateway.kubernetes-gw": {
                    "type": "aws_internet_gateway",
                    "depends_on": [
                        "aws_vpc.kubernetes"
                    ],
                    "primary": {
                        "id": "igw-68ad010c",
                        "attributes": {
                            "id": "igw-68ad010c",
                            "tags.%": "1",
                            "tags.Name": "kubernetes",
                            "vpc_id": "vpc-60300704"
                        },
                        "meta": {},
                        "tainted": false
                    },
                    "deposed": [],
                    "provider": ""
                },
                "aws_route_table.kubernetes-public": {
                    "type": "aws_route_table",
                    "depends_on": [
                        "aws_internet_gateway.kubernetes-gw",
                        "aws_vpc.kubernetes"
                    ],
                    "primary": {
                        "id": "rtb-d7f738b0",
                        "attributes": {
                            "id": "rtb-d7f738b0",
                            "propagating_vgws.#": "0",
                            "route.#": "1",
                            "route.3124739996.cidr_block": "0.0.0.0/0",
                            "route.3124739996.gateway_id": "igw-68ad010c",
                            "route.3124739996.instance_id": "",
                            "route.3124739996.nat_gateway_id": "",
                            "route.3124739996.network_interface_id": "",
                            "route.3124739996.vpc_peering_connection_id": "",
                            "tags.%": "1",
                            "tags.Name": "kubernetes-public-1",
                            "vpc_id": "vpc-60300704"
                        },
                        "meta": {},
                        "tainted": false
                    },
                    "deposed": [],
                    "provider": ""
                },
                "aws_route_table_association.kubernetes-public-1": {
                    "type": "aws_route_table_association",
                    "depends_on": [
                        "aws_route_table.kubernetes-public",
                        "aws_subnet.kubernetes-public-1"
                    ],
                    "primary": {
                        "id": "rtbassoc-6c53520b",
                        "attributes": {
                            "id": "rtbassoc-6c53520b",
                            "route_table_id": "rtb-d7f738b0",
                            "subnet_id": "subnet-92afe9ca"
                        },
                        "meta": {},
                        "tainted": false
                    },
                    "deposed": [],
                    "provider": ""
                },
                "aws_security_group.kubernetes-securitygroup": {
                    "type": "aws_security_group",
                    "depends_on": [
                        "aws_vpc.kubernetes"
                    ],
                    "primary": {
                        "id": "sg-2bd4e34d",
                        "attributes": {
                            "description": "security group that allows ssh and all egress traffic",
                            "egress.#": "0",
                            "id": "sg-2bd4e34d",
                            "ingress.#": "3",
                            "ingress.1463360607.cidr_blocks.#": "1",
                            "ingress.1463360607.cidr_blocks.0": "0.0.0.0/0",
                            "ingress.1463360607.from_port": "6443",
                            "ingress.1463360607.protocol": "tcp",
                            "ingress.1463360607.security_groups.#": "0",
                            "ingress.1463360607.self": "false",
                            "ingress.1463360607.to_port": "6443",
                            "ingress.164085576.cidr_blocks.#": "1",
                            "ingress.164085576.cidr_blocks.0": "10.240.0.0/16",
                            "ingress.164085576.from_port": "0",
                            "ingress.164085576.protocol": "-1",
                            "ingress.164085576.security_groups.#": "0",
                            "ingress.164085576.self": "true",
                            "ingress.164085576.to_port": "0",
                            "ingress.2541437006.cidr_blocks.#": "1",
                            "ingress.2541437006.cidr_blocks.0": "0.0.0.0/0",
                            "ingress.2541437006.from_port": "22",
                            "ingress.2541437006.protocol": "tcp",
                            "ingress.2541437006.security_groups.#": "0",
                            "ingress.2541437006.self": "false",
                            "ingress.2541437006.to_port": "22",
                            "name": "kubernetes-securitygroup",
                            "owner_id": "810905322061",
                            "tags.%": "1",
                            "tags.Name": "kubernetes-securitygroup",
                            "vpc_id": "vpc-60300704"
                        },
                        "meta": {},
                        "tainted": false
                    },
                    "deposed": [],
                    "provider": ""
                },
                "aws_security_group_rule.allow_access_from_this_security_group": {
                    "type": "aws_security_group_rule",
                    "depends_on": [
                        "aws_security_group.kubernetes-securitygroup"
                    ],
                    "primary": {
                        "id": "sgrule-2314067423",
                        "attributes": {
                            "cidr_blocks.#": "0",
                            "from_port": "0",
                            "id": "sgrule-2314067423",
                            "prefix_list_ids.#": "0",
                            "protocol": "-1",
                            "security_group_id": "sg-2bd4e34d",
                            "self": "false",
                            "source_security_group_id": "sg-2bd4e34d",
                            "to_port": "65535",
                            "type": "ingress"
                        },
                        "meta": {
                            "schema_version": "2"
                        },
                        "tainted": false
                    },
                    "deposed": [],
                    "provider": ""
                },
                "aws_security_group_rule.allow_all": {
                    "type": "aws_security_group_rule",
                    "depends_on": [
                        "aws_security_group.kubernetes-securitygroup"
                    ],
                    "primary": {
                        "id": "sgrule-2675815764",
                        "attributes": {
                            "cidr_blocks.#": "1",
                            "cidr_blocks.0": "10.240.0.0/16",
                            "from_port": "0",
                            "id": "sgrule-2675815764",
                            "prefix_list_ids.#": "0",
                            "protocol": "-1",
                            "security_group_id": "sg-2bd4e34d",
                            "self": "false",
                            "to_port": "65535",
                            "type": "ingress"
                        },
                        "meta": {
                            "schema_version": "2"
                        },
                        "tainted": false
                    },
                    "deposed": [],
                    "provider": ""
                },
                "aws_security_group_rule.allow_some_kubernetes_access": {
                    "type": "aws_security_group_rule",
                    "depends_on": [
                        "aws_security_group.kubernetes-securitygroup"
                    ],
                    "primary": {
                        "id": "sgrule-3456109538",
                        "attributes": {
                            "cidr_blocks.#": "1",
                            "cidr_blocks.0": "0.0.0.0/0",
                            "from_port": "6443",
                            "id": "sgrule-3456109538",
                            "prefix_list_ids.#": "0",
                            "protocol": "tcp",
                            "security_group_id": "sg-2bd4e34d",
                            "self": "false",
                            "to_port": "6443",
                            "type": "ingress"
                        },
                        "meta": {
                            "schema_version": "2"
                        },
                        "tainted": false
                    },
                    "deposed": [],
                    "provider": ""
                },
                "aws_security_group_rule.allow_ssh": {
                    "type": "aws_security_group_rule",
                    "depends_on": [
                        "aws_security_group.kubernetes-securitygroup"
                    ],
                    "primary": {
                        "id": "sgrule-757983204",
                        "attributes": {
                            "cidr_blocks.#": "1",
                            "cidr_blocks.0": "0.0.0.0/0",
                            "from_port": "22",
                            "id": "sgrule-757983204",
                            "prefix_list_ids.#": "0",
                            "protocol": "tcp",
                            "security_group_id": "sg-2bd4e34d",
                            "self": "false",
                            "to_port": "22",
                            "type": "ingress"
                        },
                        "meta": {
                            "schema_version": "2"
                        },
                        "tainted": false
                    },
                    "deposed": [],
                    "provider": ""
                },
                "aws_subnet.kubernetes-public-1": {
                    "type": "aws_subnet",
                    "depends_on": [
                        "aws_vpc.kubernetes"
                    ],
                    "primary": {
                        "id": "subnet-92afe9ca",
                        "attributes": {
                            "availability_zone": "eu-west-1a",
                            "cidr_block": "10.0.1.0/24",
                            "id": "subnet-92afe9ca",
                            "map_public_ip_on_launch": "true",
                            "tags.%": "1",
                            "tags.Name": "kubernetes-public-1",
                            "vpc_id": "vpc-60300704"
                        },
                        "meta": {},
                        "tainted": false
                    },
                    "deposed": [],
                    "provider": ""
                },
                "aws_vpc.kubernetes": {
                    "type": "aws_vpc",
                    "depends_on": [],
                    "primary": {
                        "id": "vpc-60300704",
                        "attributes": {
                            "cidr_block": "10.0.0.0/16",
                            "default_network_acl_id": "acl-b8e314df",
                            "default_route_table_id": "rtb-caf738ad",
                            "default_security_group_id": "sg-20d4e346",
                            "dhcp_options_id": "dopt-425ae426",
                            "enable_classiclink": "false",
                            "enable_dns_hostnames": "true",
                            "enable_dns_support": "true",
                            "id": "vpc-60300704",
                            "instance_tenancy": "default",
                            "main_route_table_id": "rtb-caf738ad",
                            "tags.%": "1",
                            "tags.Name": "kubernetes"
                        },
                        "meta": {},
                        "tainted": false
                    },
                    "deposed": [],
                    "provider": ""
                },
                "aws_vpc_dhcp_options.kubernetes": {
                    "type": "aws_vpc_dhcp_options",
                    "depends_on": [],
                    "primary": {
                        "id": "dopt-425ae426",
                        "attributes": {
                            "domain_name": "eu-west-1.compute.internal",
                            "id": "dopt-425ae426",
                            "tags.%": "1",
                            "tags.Name": "kubernetes"
                        },
                        "meta": {},
                        "tainted": false
                    },
                    "deposed": [],
                    "provider": ""
                },
                "aws_vpc_dhcp_options_association.dns_resolver": {
                    "type": "aws_vpc_dhcp_options_association",
                    "depends_on": [
                        "aws_vpc.kubernetes",
                        "aws_vpc_dhcp_options.kubernetes"
                    ],
                    "primary": {
                        "id": "dopt-425ae426-vpc-60300704",
                        "attributes": {
                            "dhcp_options_id": "dopt-425ae426",
                            "id": "dopt-425ae426-vpc-60300704",
                            "vpc_id": "vpc-60300704"
                        },
                        "meta": {},
                        "tainted": false
                    },
                    "deposed": [],
                    "provider": ""
                }
            },
            "depends_on": []
        }
    ]
}
